
Microsoft Visual Studio Solution File, Format Version 12.00
# Visual Studio Version 17
VisualStudioVersion = 17.5.002.0
MinimumVisualStudioVersion = 10.0.40219.1
Project("{2150E333-8FDC-42A3-9474-1A3956D46DE8}") = "frontend", "frontend", "{16EA5BA0-E933-4C02-B65F-3A930AFC8ABA}"
EndProject
Project("{9A19103F-16F7-4668-BE54-9A1E7A4F7556}") = "Client", "\Client\Client.csproj", "{B6C35F97-4ECB-4ADC-A089-A31A41F6C95B}"
EndProject
Project("{9A19103F-16F7-4668-BE54-9A1E7A4F7556}") = "Shared", "\Shared\Shared.csproj", "{88EA25C3-53B9-48D5-89AD-AD55A6DDFAFF}"
EndProject
Project("{9A19103F-16F7-4668-BE54-9A1E7A4F7556}") = "Api", "\Api\Api.csproj", "{B68CDC9F-C6D7-43F5-A3D6-984A1221E09F}"
EndProject
Global
	GlobalSection(SolutionConfigurationPlatforms) = preSolution
		Debug|Any CPU = Debug|Any CPU
		Release|Any CPU = Release|Any CPU
	EndGlobalSection
	GlobalSection(ProjectConfigurationPlatforms) = postSolution
		{B6C35F97-4ECB-4ADC-A089-A31A41F6C95B}.Debug|Any CPU.ActiveCfg = Debug|Any CPU
		{B6C35F97-4ECB-4ADC-A089-A31A41F6C95B}.Debug|Any CPU.Build.0 = Debug|Any CPU
		{B6C35F97-4ECB-4ADC-A089-A31A41F6C95B}.Release|Any CPU.ActiveCfg = Release|Any CPU
		{B6C35F97-4ECB-4ADC-A089-A31A41F6C95B}.Release|Any CPU.Build.0 = Release|Any CPU
		{88EA25C3-53B9-48D5-89AD-AD55A6DDFAFF}.Debug|Any CPU.ActiveCfg = Debug|Any CPU
		{88EA25C3-53B9-48D5-89AD-AD55A6DDFAFF}.Debug|Any CPU.Build.0 = Debug|Any CPU
		{88EA25C3-53B9-48D5-89AD-AD55A6DDFAFF}.Release|Any CPU.ActiveCfg = Release|Any CPU
		{88EA25C3-53B9-48D5-89AD-AD55A6DDFAFF}.Release|Any CPU.Build.0 = Release|Any CPU
		{B68CDC9F-C6D7-43F5-A3D6-984A1221E09F}.Debug|Any CPU.ActiveCfg = Debug|Any CPU
		{B68CDC9F-C6D7-43F5-A3D6-984A1221E09F}.Debug|Any CPU.Build.0 = Debug|Any CPU
		{B68CDC9F-C6D7-43F5-A3D6-984A1221E09F}.Release|Any CPU.ActiveCfg = Release|Any CPU
		{B68CDC9F-C6D7-43F5-A3D6-984A1221E09F}.Release|Any CPU.Build.0 = Release|Any CPU
	EndGlobalSection
	GlobalSection(SolutionProperties) = preSolution
		HideSolutionNode = FALSE
	EndGlobalSection
	GlobalSection(NestedProjects) = preSolution
		{B6C35F97-4ECB-4ADC-A089-A31A41F6C95B} = {16EA5BA0-E933-4C02-B65F-3A930AFC8ABA}
		{88EA25C3-53B9-48D5-89AD-AD55A6DDFAFF} = {16EA5BA0-E933-4C02-B65F-3A930AFC8ABA}
		{B68CDC9F-C6D7-43F5-A3D6-984A1221E09F} = {16EA5BA0-E933-4C02-B65F-3A930AFC8ABA}
	EndGlobalSection
	GlobalSection(ExtensibilityGlobals) = postSolution
		SolutionGuid = {767800C4-0835-4DA1-898A-DA28FC3FA55A}
	EndGlobalSection
EndGlobal
