
Microsoft Visual Studio Solution File, Format Version 12.00
# Visual Studio Version 17
VisualStudioVersion = 17.5.002.0
MinimumVisualStudioVersion = 10.0.40219.1
Project("{2150E333-8FDC-42A3-9474-1A3956D46DE8}") = "frontend", "frontend", "{16181B6B-B743-4960-9A59-DAFA6C8230E1}"
EndProject
Project("{9A19103F-16F7-4668-BE54-9A1E7A4F7556}") = "Client", "frontend\Client\Client.csproj", "{BA5CB459-6CCB-4354-A65D-C680B4D41507}"
EndProject
Project("{9A19103F-16F7-4668-BE54-9A1E7A4F7556}") = "Shared", "frontend\Shared\Shared.csproj", "{2F7AE9CC-4521-461E-B0F5-1DA79AC52A14}"
EndProject
Global
	GlobalSection(SolutionConfigurationPlatforms) = preSolution
		Debug|Any CPU = Debug|Any CPU
		Release|Any CPU = Release|Any CPU
	EndGlobalSection
	GlobalSection(ProjectConfigurationPlatforms) = postSolution
		{BA5CB459-6CCB-4354-A65D-C680B4D41507}.Debug|Any CPU.ActiveCfg = Debug|Any CPU
		{BA5CB459-6CCB-4354-A65D-C680B4D41507}.Debug|Any CPU.Build.0 = Debug|Any CPU
		{BA5CB459-6CCB-4354-A65D-C680B4D41507}.Release|Any CPU.ActiveCfg = Release|Any CPU
		{BA5CB459-6CCB-4354-A65D-C680B4D41507}.Release|Any CPU.Build.0 = Release|Any CPU
		{2F7AE9CC-4521-461E-B0F5-1DA79AC52A14}.Debug|Any CPU.ActiveCfg = Debug|Any CPU
		{2F7AE9CC-4521-461E-B0F5-1DA79AC52A14}.Debug|Any CPU.Build.0 = Debug|Any CPU
		{2F7AE9CC-4521-461E-B0F5-1DA79AC52A14}.Release|Any CPU.ActiveCfg = Release|Any CPU
		{2F7AE9CC-4521-461E-B0F5-1DA79AC52A14}.Release|Any CPU.Build.0 = Release|Any CPU
	EndGlobalSection
	GlobalSection(SolutionProperties) = preSolution
		HideSolutionNode = FALSE
	EndGlobalSection
	GlobalSection(NestedProjects) = preSolution
		{BA5CB459-6CCB-4354-A65D-C680B4D41507} = {16181B6B-B743-4960-9A59-DAFA6C8230E1}
		{2F7AE9CC-4521-461E-B0F5-1DA79AC52A14} = {16181B6B-B743-4960-9A59-DAFA6C8230E1}
	EndGlobalSection
	GlobalSection(ExtensibilityGlobals) = postSolution
		SolutionGuid = {2B0CD7D2-CF15-4669-851D-0DE764E24CD5}
	EndGlobalSection
EndGlobal
